
Microsoft Visual Studio Solution File, Format Version 12.00
Project("{FAE04EC0-301F-11D3-BF4B-00C04F79EFBC}") = "Acme.Hello.Platform", "Acme.Hello.Platform\Acme.Hello.Platform.csproj", "{72E15019-19F6-489A-8D75-73D34A801DA9}"
EndProject
Global
	GlobalSection(SolutionConfigurationPlatforms) = preSolution
		Debug|Any CPU = Debug|Any CPU
		Release|Any CPU = Release|Any CPU
	EndGlobalSection
	GlobalSection(ProjectConfigurationPlatforms) = postSolution
		{72E15019-19F6-489A-8D75-73D34A801DA9}.Debug|Any CPU.ActiveCfg = Debug|Any CPU
		{72E15019-19F6-489A-8D75-73D34A801DA9}.Debug|Any CPU.Build.0 = Debug|Any CPU
		{72E15019-19F6-489A-8D75-73D34A801DA9}.Release|Any CPU.ActiveCfg = Release|Any CPU
		{72E15019-19F6-489A-8D75-73D34A801DA9}.Release|Any CPU.Build.0 = Release|Any CPU
	EndGlobalSection
EndGlobal
